
Microsoft Visual Studio Solution File, Format Version 12.00
# Visual Studio Version 17
VisualStudioVersion = 17.2.32516.85
MinimumVisualStudioVersion = 10.0.40219.1
Project("{FAE04EC0-301F-11D3-BF4B-00C04F79EFBC}") = "Core", "Core\Core.csproj", "{68D0822E-DB17-4DBB-BD2C-AAF2954E3F1F}"
EndProject
Project("{FAE04EC0-301F-11D3-BF4B-00C04F79EFBC}") = "Repository", "Repository\Repository.csproj", "{3931AC5E-EC05-40E4-B5DF-37F9164CC4B2}"
EndProject
Project("{FAE04EC0-301F-11D3-BF4B-00C04F79EFBC}") = "Entities", "Entities\Entities.csproj", "{C4843F28-1E39-4606-B9D0-BC69F66372D4}"
EndProject
Project("{FAE04EC0-301F-11D3-BF4B-00C04F79EFBC}") = "TrainingMovementService", "TrainingMovementService\TrainingMovementService.csproj", "{DADF59FD-ACB4-4F56-815B-A04BA08EB20E}"
EndProject
Global
	GlobalSection(SolutionConfigurationPlatforms) = preSolution
		Debug|Any CPU = Debug|Any CPU
		Release|Any CPU = Release|Any CPU
	EndGlobalSection
	GlobalSection(ProjectConfigurationPlatforms) = postSolution
		{68D0822E-DB17-4DBB-BD2C-AAF2954E3F1F}.Debug|Any CPU.ActiveCfg = Debug|Any CPU
		{68D0822E-DB17-4DBB-BD2C-AAF2954E3F1F}.Debug|Any CPU.Build.0 = Debug|Any CPU
		{68D0822E-DB17-4DBB-BD2C-AAF2954E3F1F}.Release|Any CPU.ActiveCfg = Release|Any CPU
		{68D0822E-DB17-4DBB-BD2C-AAF2954E3F1F}.Release|Any CPU.Build.0 = Release|Any CPU
		{3931AC5E-EC05-40E4-B5DF-37F9164CC4B2}.Debug|Any CPU.ActiveCfg = Debug|Any CPU
		{3931AC5E-EC05-40E4-B5DF-37F9164CC4B2}.Debug|Any CPU.Build.0 = Debug|Any CPU
		{3931AC5E-EC05-40E4-B5DF-37F9164CC4B2}.Release|Any CPU.ActiveCfg = Release|Any CPU
		{3931AC5E-EC05-40E4-B5DF-37F9164CC4B2}.Release|Any CPU.Build.0 = Release|Any CPU
		{C4843F28-1E39-4606-B9D0-BC69F66372D4}.Debug|Any CPU.ActiveCfg = Debug|Any CPU
		{C4843F28-1E39-4606-B9D0-BC69F66372D4}.Debug|Any CPU.Build.0 = Debug|Any CPU
		{C4843F28-1E39-4606-B9D0-BC69F66372D4}.Release|Any CPU.ActiveCfg = Release|Any CPU
		{C4843F28-1E39-4606-B9D0-BC69F66372D4}.Release|Any CPU.Build.0 = Release|Any CPU
		{DADF59FD-ACB4-4F56-815B-A04BA08EB20E}.Debug|Any CPU.ActiveCfg = Debug|Any CPU
		{DADF59FD-ACB4-4F56-815B-A04BA08EB20E}.Debug|Any CPU.Build.0 = Debug|Any CPU
		{DADF59FD-ACB4-4F56-815B-A04BA08EB20E}.Release|Any CPU.ActiveCfg = Release|Any CPU
		{DADF59FD-ACB4-4F56-815B-A04BA08EB20E}.Release|Any CPU.Build.0 = Release|Any CPU
	EndGlobalSection
	GlobalSection(SolutionProperties) = preSolution
		HideSolutionNode = FALSE
	EndGlobalSection
	GlobalSection(ExtensibilityGlobals) = postSolution
		SolutionGuid = {DB84FBE1-A0BB-439D-8828-9245F59EB09B}
	EndGlobalSection
EndGlobal
